{
  "name": "simcompanies-atenea",
  "lockfileVersion": 2,
  "requires": true,
  "packages": {
    "": {
      "dependencies": {
        "bootstrap-icons": "^1.8.3",
        "normalize.css": "^8.0.1"
      }
    },
    "node_modules/bootstrap-icons": {
      "version": "1.8.3",
      "resolved": "https://registry.npmjs.org/bootstrap-icons/-/bootstrap-icons-1.8.3.tgz",
      "integrity": "sha512-s5kmttnbq4BXbx3Bwnj39y+t7Vc3blTtyD77W3aYQ1LlNoS3lNbbGvSYhIbg26Im8KmjScyFpHEevlPOBcIDdA=="
    },
    "node_modules/normalize.css": {
      "version": "8.0.1",
      "resolved": "https://registry.npmjs.org/normalize.css/-/normalize.css-8.0.1.tgz",
      "integrity": "sha512-qizSNPO93t1YUuUhP22btGOo3chcvDFqFaj2TRybP0DMxkHOCTYwp3n34fel4a31ORXy4m1Xq0Gyqpb5m33qIg=="
    }
  },
  "dependencies": {
    "bootstrap-icons": {
      "version": "1.8.3",
      "resolved": "https://registry.npmjs.org/bootstrap-icons/-/bootstrap-icons-1.8.3.tgz",
      "integrity": "sha512-s5kmttnbq4BXbx3Bwnj39y+t7Vc3blTtyD77W3aYQ1LlNoS3lNbbGvSYhIbg26Im8KmjScyFpHEevlPOBcIDdA=="
    },
    "normalize.css": {
      "version": "8.0.1",
      "resolved": "https://registry.npmjs.org/normalize.css/-/normalize.css-8.0.1.tgz",
      "integrity": "sha512-qizSNPO93t1YUuUhP22btGOo3chcvDFqFaj2TRybP0DMxkHOCTYwp3n34fel4a31ORXy4m1Xq0Gyqpb5m33qIg=="
    }
  }
}
